
Microsoft Visual Studio Solution File, Format Version 12.00
# Visual Studio 2012
Project("{FAE04EC0-301F-11D3-BF4B-00C04F79EFBC}") = "BGG.WebApi", "BGG.WebApi\BGG.WebApi.csproj", "{914E0564-827D-42D3-835E-722E9E89B048}"
EndProject
Project("{FAE04EC0-301F-11D3-BF4B-00C04F79EFBC}") = "BGG.WebApi.Tests", "BGG.WebApi.Tests\BGG.WebApi.Tests.csproj", "{51520FD9-6F16-4556-B539-BBA25321ED67}"
EndProject
Global
	GlobalSection(SolutionConfigurationPlatforms) = preSolution
		Debug|Any CPU = Debug|Any CPU
		Release|Any CPU = Release|Any CPU
	EndGlobalSection
	GlobalSection(ProjectConfigurationPlatforms) = postSolution
		{914E0564-827D-42D3-835E-722E9E89B048}.Debug|Any CPU.ActiveCfg = Debug|Any CPU
		{914E0564-827D-42D3-835E-722E9E89B048}.Debug|Any CPU.Build.0 = Debug|Any CPU
		{914E0564-827D-42D3-835E-722E9E89B048}.Release|Any CPU.ActiveCfg = Release|Any CPU
		{914E0564-827D-42D3-835E-722E9E89B048}.Release|Any CPU.Build.0 = Release|Any CPU
		{51520FD9-6F16-4556-B539-BBA25321ED67}.Debug|Any CPU.ActiveCfg = Debug|Any CPU
		{51520FD9-6F16-4556-B539-BBA25321ED67}.Debug|Any CPU.Build.0 = Debug|Any CPU
		{51520FD9-6F16-4556-B539-BBA25321ED67}.Release|Any CPU.ActiveCfg = Release|Any CPU
		{51520FD9-6F16-4556-B539-BBA25321ED67}.Release|Any CPU.Build.0 = Release|Any CPU
	EndGlobalSection
EndGlobal
